# THIS IS AN AUTOGENERATED FILE. DO NOT EDIT THIS FILE DIRECTLY.
# yarn lockfile v1


"@types/node@^18.15.11":
  version "18.16.16"
  resolved "https://npm.tt.cn/@types%2fnode/-/node-18.16.16.tgz#3b64862856c7874ccf7439e6bab872d245c86d8e"
  integrity sha512-NpaM49IGQQAUlBhHMF82QH80J08os4ZmyF9MkpCzWAGuOHqE4gTEbhzd7L3l5LmWuZ6E0OiC1FweQ4tsiW35+g==

big-integer@^1.6.44:
  version "1.6.51"
  resolved "https://npm.tt.cn/big-integer/-/big-integer-1.6.51.tgz#0df92a5d9880560d3ff2d5fd20245c889d130686"
  integrity sha512-GPEid2Y9QU1Exl1rpO9B2IPJGHPSupF5GnVIP0blYvNOMer2bTvSWs1jGOUg04hTmu67nmLsQ9TBo1puaotBHg==

bplist-parser@^0.2.0:
  version "0.2.0"
  resolved "https://npm.tt.cn/bplist-parser/-/bplist-parser-0.2.0.tgz#43a9d183e5bf9d545200ceac3e712f79ebbe8d0e"
  integrity sha1-Q6nRg+W/nVRSAM6sPnEveeu+jQ4=
  dependencies:
    big-integer "^1.6.44"

bundle-name@^3.0.0:
  version "3.0.0"
  resolved "https://npm.tt.cn/bundle-name/-/bundle-name-3.0.0.tgz#ba59bcc9ac785fb67ccdbf104a2bf60c099f0e1a"
  integrity sha512-PKA4BeSvBpQKQ8iPOGCSiell+N8P+Tf1DlwqmYhpe2gAhKPHn8EYOxVT+ShuGmhg8lN8XiSlS80yiExKXrURlw==
  dependencies:
    run-applescript "^5.0.0"

chrome-remote-interface@^0.32.1:
  version "0.32.2"
  resolved "https://npm.tt.cn/chrome-remote-interface/-/chrome-remote-interface-0.32.2.tgz#4c494b9d074997b45d49137232df48a355189278"
  integrity sha512-3UbFKtEmqApehPQnqdblcggx7KveQphEMKQmdJZsOguE9ylw2N2/9Z7arO7xS55+DBJ/hyP8RrayLt4MMdJvQg==
  dependencies:
    commander "2.11.x"
    ws "^7.2.0"

commander@2.11.x:
  version "2.11.0"
  resolved "https://npm.tt.cn/commander/-/commander-2.11.0.tgz#157152fd1e7a6c8d98a5b715cf376df928004563"
  integrity sha512-b0553uYA5YAEGgyYIGYROzKQ7X5RAqedkfjiZxwi0kL1g3bOaBNNZfYkzt/CL0umgD5wc9Jec2FbB98CjkMRvQ==

cross-spawn@^7.0.3:
  version "7.0.3"
  resolved "https://npm.tt.cn/cross-spawn/-/cross-spawn-7.0.3.tgz#f73a85b9d5d41d045551c177e2882d4ac85728a6"
  integrity sha1-9zqFudXUHQRVUcF34ogtSshXKKY=
  dependencies:
    path-key "^3.1.0"
    shebang-command "^2.0.0"
    which "^2.0.1"

default-browser-id@^3.0.0:
  version "3.0.0"
  resolved "https://npm.tt.cn/default-browser-id/-/default-browser-id-3.0.0.tgz#bee7bbbef1f4e75d31f98f4d3f1556a14cea790c"
  integrity sha512-OZ1y3y0SqSICtE8DE4S8YOE9UZOJ8wO16fKWVP5J1Qz42kV9jcnMVFrEE/noXb/ss3Q4pZIH79kxofzyNNtUNA==
  dependencies:
    bplist-parser "^0.2.0"
    untildify "^4.0.0"

default-browser@^4.0.0:
  version "4.0.0"
  resolved "https://npm.tt.cn/default-browser/-/default-browser-4.0.0.tgz#53c9894f8810bf86696de117a6ce9085a3cbc7da"
  integrity sha512-wX5pXO1+BrhMkSbROFsyxUm0i/cJEScyNhA4PPxc41ICuv05ZZB/MX28s8aZx6xjmatvebIapF6hLEKEcpneUA==
  dependencies:
    bundle-name "^3.0.0"
    default-browser-id "^3.0.0"
    execa "^7.1.1"
    titleize "^3.0.0"

define-lazy-prop@^3.0.0:
  version "3.0.0"
  resolved "https://npm.tt.cn/define-lazy-prop/-/define-lazy-prop-3.0.0.tgz#dbb19adfb746d7fc6d734a06b72f4a00d021255f"
  integrity sha1-27Ga37dG1/xtc0oGty9KANAhJV8=

execa@^5.0.0:
  version "5.1.1"
  resolved "https://npm.tt.cn/execa/-/execa-5.1.1.tgz#f80ad9cbf4298f7bd1d4c9555c21e93741c411dd"
  integrity sha1-+ArZy/Qpj3vR1MlVXCHpN0HEEd0=
  dependencies:
    cross-spawn "^7.0.3"
    get-stream "^6.0.0"
    human-signals "^2.1.0"
    is-stream "^2.0.0"
    merge-stream "^2.0.0"
    npm-run-path "^4.0.1"
    onetime "^5.1.2"
    signal-exit "^3.0.3"
    strip-final-newline "^2.0.0"

execa@^7.1.1:
  version "7.1.1"
  resolved "https://npm.tt.cn/execa/-/execa-7.1.1.tgz#3eb3c83d239488e7b409d48e8813b76bb55c9c43"
  integrity sha512-wH0eMf/UXckdUYnO21+HDztteVv05rq2GXksxT4fCGeHkBhw1DROXh40wcjMcRqDOWE7iPJ4n3M7e2+YFP+76Q==
  dependencies:
    cross-spawn "^7.0.3"
    get-stream "^6.0.1"
    human-signals "^4.3.0"
    is-stream "^3.0.0"
    merge-stream "^2.0.0"
    npm-run-path "^5.1.0"
    onetime "^6.0.0"
    signal-exit "^3.0.7"
    strip-final-newline "^3.0.0"

get-stream@^6.0.0, get-stream@^6.0.1:
  version "6.0.1"
  resolved "https://npm.tt.cn/get-stream/-/get-stream-6.0.1.tgz#a262d8eef67aced57c2852ad6167526a43cbf7b7"
  integrity sha1-omLY7vZ6ztV8KFKtYWdSakPL97c=

human-signals@^2.1.0:
  version "2.1.0"
  resolved "https://npm.tt.cn/human-signals/-/human-signals-2.1.0.tgz#dc91fcba42e4d06e4abaed33b3e7a3c02f514ea0"
  integrity sha1-3JH8ukLk0G5Kuu0zs+ejwC9RTqA=

human-signals@^4.3.0:
  version "4.3.1"
  resolved "https://npm.tt.cn/human-signals/-/human-signals-4.3.1.tgz#ab7f811e851fca97ffbd2c1fe9a958964de321b2"
  integrity sha512-nZXjEF2nbo7lIw3mgYjItAfgQXog3OjJogSbKa2CQIIvSGWcKgeJnQlNXip6NglNzYH45nSRiEVimMvYL8DDqQ==

is-docker@^2.0.0:
  version "2.2.1"
  resolved "https://npm.tt.cn/is-docker/-/is-docker-2.2.1.tgz#33eeabe23cfe86f14bde4408a02c0cfb853acdaa"
  integrity sha1-M+6r4jz+hvFL3kQIoCwM+4U6zao=

is-docker@^3.0.0:
  version "3.0.0"
  resolved "https://npm.tt.cn/is-docker/-/is-docker-3.0.0.tgz#90093aa3106277d8a77a5910dbae71747e15a200"
  integrity sha1-kAk6oxBid9inelkQ265xdH4VogA=

is-inside-container@^1.0.0:
  version "1.0.0"
  resolved "https://npm.tt.cn/is-inside-container/-/is-inside-container-1.0.0.tgz#e81fba699662eb31dbdaf26766a61d4814717ea4"
  integrity sha512-KIYLCCJghfHZxqjYBE7rEy0OBuTd5xCHS7tHVgvCLkx7StIoaxwNW3hCALgEUjFfeRk+MG/Qxmp/vtETEF3tRA==
  dependencies:
    is-docker "^3.0.0"

is-stream@^2.0.0:
  version "2.0.1"
  resolved "https://npm.tt.cn/is-stream/-/is-stream-2.0.1.tgz#fac1e3d53b97ad5a9d0ae9cef2389f5810a5c077"
  integrity sha1-+sHj1TuXrVqdCunO8jifWBClwHc=

is-stream@^3.0.0:
  version "3.0.0"
  resolved "https://npm.tt.cn/is-stream/-/is-stream-3.0.0.tgz#e6bfd7aa6bef69f4f472ce9bb681e3e57b4319ac"
  integrity sha1-5r/XqmvvafT0cs6btoHj5XtDGaw=

is-wsl@^2.2.0:
  version "2.2.0"
  resolved "https://npm.tt.cn/is-wsl/-/is-wsl-2.2.0.tgz#74a4c76e77ca9fd3f932f290c17ea326cd157271"
  integrity sha1-dKTHbnfKn9P5MvKQwX6jJs0VcnE=
  dependencies:
    is-docker "^2.0.0"

isexe@^2.0.0:
  version "2.0.0"
  resolved "https://npm.tt.cn/isexe/-/isexe-2.0.0.tgz#e8fbf374dc556ff8947a10dcb0572d633f2cfa10"
  integrity sha1-6PvzdNxVb/iUehDcsFctYz8s+hA=

merge-stream@^2.0.0:
  version "2.0.0"
  resolved "https://npm.tt.cn/merge-stream/-/merge-stream-2.0.0.tgz#52823629a14dd00c9770fb6ad47dc6310f2c1f60"
  integrity sha512-abv/qOcuPfk3URPfDzmZU1LKmuw8kT+0nIHvKrKgFrwifol/doWcdA4ZqsWQ8ENrFKkd67Mfpo/LovbIUsbt3w==

mimic-fn@^2.1.0:
  version "2.1.0"
  resolved "https://npm.tt.cn/mimic-fn/-/mimic-fn-2.1.0.tgz#7ed2c2ccccaf84d3ffcb7a69b57711fc2083401b"
  integrity sha512-OqbOk5oEQeAZ8WXWydlu9HJjz9WVdEIvamMCcXmuqUYjTknH/sqsWvhQ3vgwKFRR1HpjvNBKQ37nbJgYzGqGcg==

mimic-fn@^4.0.0:
  version "4.0.0"
  resolved "https://npm.tt.cn/mimic-fn/-/mimic-fn-4.0.0.tgz#60a90550d5cb0b239cca65d893b1a53b29871ecc"
  integrity sha1-YKkFUNXLCyOcymXYk7GlOymHHsw=

npm-run-path@^4.0.1:
  version "4.0.1"
  resolved "https://npm.tt.cn/npm-run-path/-/npm-run-path-4.0.1.tgz#b7ecd1e5ed53da8e37a55e1c2269e0b97ed748ea"
  integrity sha512-S48WzZW777zhNIrn7gxOlISNAqi9ZC/uQFnRdbeIHhZhCA6UqpkOT8T1G7BvfdgP4Er8gF4sUbaS0i7QvIfCWw==
  dependencies:
    path-key "^3.0.0"

npm-run-path@^5.1.0:
  version "5.1.0"
  resolved "https://npm.tt.cn/npm-run-path/-/npm-run-path-5.1.0.tgz#bc62f7f3f6952d9894bd08944ba011a6ee7b7e00"
  integrity sha512-sJOdmRGrY2sjNTRMbSvluQqg+8X7ZK61yvzBEIDhz4f8z1TZFYABsqjjCBd/0PUNE9M6QDgHJXQkGUEm7Q+l9Q==
  dependencies:
    path-key "^4.0.0"

onetime@^5.1.2:
  version "5.1.2"
  resolved "https://npm.tt.cn/onetime/-/onetime-5.1.2.tgz#d0e96ebb56b07476df1dd9c4806e5237985ca45e"
  integrity sha1-0Oluu1awdHbfHdnEgG5SN5hcpF4=
  dependencies:
    mimic-fn "^2.1.0"

onetime@^6.0.0:
  version "6.0.0"
  resolved "https://npm.tt.cn/onetime/-/onetime-6.0.0.tgz#7c24c18ed1fd2e9bca4bd26806a33613c77d34b4"
  integrity sha1-fCTBjtH9LpvKS9JoBqM2E8d9NLQ=
  dependencies:
    mimic-fn "^4.0.0"

open@^9.1.0:
  version "9.1.0"
  resolved "https://npm.tt.cn/open/-/open-9.1.0.tgz#684934359c90ad25742f5a26151970ff8c6c80b6"
  integrity sha512-OS+QTnw1/4vrf+9hh1jc1jnYjzSG4ttTBB8UxOwAnInG3Uo4ssetzC1ihqaIHjLJnA5GGlRl6QlZXOTQhRBUvg==
  dependencies:
    default-browser "^4.0.0"
    define-lazy-prop "^3.0.0"
    is-inside-container "^1.0.0"
    is-wsl "^2.2.0"

path-key@^3.0.0, path-key@^3.1.0:
  version "3.1.1"
  resolved "https://npm.tt.cn/path-key/-/path-key-3.1.1.tgz#581f6ade658cbba65a0d3380de7753295054f375"
  integrity sha512-ojmeN0qd+y0jszEtoY48r0Peq5dwMEkIlCOu6Q5f41lfkswXuKtYrhgoTpLnyIcHm24Uhqx+5Tqm2InSwLhE6Q==

path-key@^4.0.0:
  version "4.0.0"
  resolved "https://npm.tt.cn/path-key/-/path-key-4.0.0.tgz#295588dc3aee64154f877adb9d780b81c554bf18"
  integrity sha1-KVWI3DruZBVPh3rbnXgLgcVUvxg=

run-applescript@^5.0.0:
  version "5.0.0"
  resolved "https://npm.tt.cn/run-applescript/-/run-applescript-5.0.0.tgz#e11e1c932e055d5c6b40d98374e0268d9b11899c"
  integrity sha512-XcT5rBksx1QdIhlFOCtgZkB99ZEouFZ1E2Kc2LHqNW13U3/74YGdkQRmThTwxy4QIyookibDKYZOPqX//6BlAg==
  dependencies:
    execa "^5.0.0"

shebang-command@^2.0.0:
  version "2.0.0"
  resolved "https://npm.tt.cn/shebang-command/-/shebang-command-2.0.0.tgz#ccd0af4f8835fbdc265b82461aaf0c36663f34ea"
  integrity sha512-kHxr2zZpYtdmrN1qDjrrX/Z1rR1kG8Dx+gkpK1G4eXmvXswmcE1hTWBWYUzlraYw1/yZp6YuDY77YtvbN0dmDA==
  dependencies:
    shebang-regex "^3.0.0"

shebang-regex@^3.0.0:
  version "3.0.0"
  resolved "https://npm.tt.cn/shebang-regex/-/shebang-regex-3.0.0.tgz#ae16f1644d873ecad843b0307b143362d4c42172"
  integrity sha512-7++dFhtcx3353uBaq8DDR4NuxBetBzC7ZQOhmTQInHEd6bSrXdiEyzCvG07Z44UYdLShWUyXt5M/yhz8ekcb1A==

signal-exit@^3.0.3, signal-exit@^3.0.7:
  version "3.0.7"
  resolved "https://npm.tt.cn/signal-exit/-/signal-exit-3.0.7.tgz#a9a1767f8af84155114eaabd73f99273c8f59ad9"
  integrity sha512-wnD2ZE+l+SPC/uoS0vXeE9L1+0wuaMqKlfz9AMUo38JsyLSBWSFcHR1Rri62LZc12vLr1gb3jl7iwQhgwpAbGQ==

strip-final-newline@^2.0.0:
  version "2.0.0"
  resolved "https://npm.tt.cn/strip-final-newline/-/strip-final-newline-2.0.0.tgz#89b852fb2fcbe936f6f4b3187afb0a12c1ab58ad"
  integrity sha512-BrpvfNAE3dcvq7ll3xVumzjKjZQ5tI1sEUIKr3Uoks0XUl45St3FlatVqef9prk4jRDzhW6WZg+3bk93y6pLjA==

strip-final-newline@^3.0.0:
  version "3.0.0"
  resolved "https://npm.tt.cn/strip-final-newline/-/strip-final-newline-3.0.0.tgz#52894c313fbff318835280aed60ff71ebf12b8fd"
  integrity sha1-UolMMT+/8xiDUoCu1g/3Hr8SuP0=

titleize@^3.0.0:
  version "3.0.0"
  resolved "https://npm.tt.cn/titleize/-/titleize-3.0.0.tgz#71c12eb7fdd2558aa8a44b0be83b8a76694acd53"
  integrity sha512-KxVu8EYHDPBdUYdKZdKtU2aj2XfEx9AfjXxE/Aj0vT06w2icA09Vus1rh6eSu1y01akYg6BjIK/hxyLJINoMLQ==

untildify@^4.0.0:
  version "4.0.0"
  resolved "https://npm.tt.cn/untildify/-/untildify-4.0.0.tgz#2bc947b953652487e4600949fb091e3ae8cd919b"
  integrity sha1-K8lHuVNlJIfkYAlJ+wkeOujNkZs=

which@^2.0.1:
  version "2.0.2"
  resolved "https://npm.tt.cn/which/-/which-2.0.2.tgz#7c6a8dd0a636a0327e10b59c9286eee93f3f51b1"
  integrity sha512-BLI3Tl1TW3Pvl70l3yq3Y64i+awpwXqsGBYWkkqMtnbXgrMD+yj7rhW0kuEDxzJaYXGjEW5ogapKNMEKNMjibA==
  dependencies:
    isexe "^2.0.0"

ws@^7.2.0:
  version "7.5.9"
  resolved "https://npm.tt.cn/ws/-/ws-7.5.9.tgz#54fa7db29f4c7cec68b1ddd3a89de099942bb591"
  integrity sha512-F+P9Jil7UiSKSkppIiD94dN07AwvFixvLIj1Og1Rl9GGMuNipJnV9JzjD6XuqmAeiswGvUmNLjr5cFuXwNS77Q==
